
Microsoft Visual Studio Solution File, Format Version 12.00
# Visual Studio Version 17
VisualStudioVersion = 17.3.32804.467
MinimumVisualStudioVersion = 10.0.40219.1
Project("{FAE04EC0-301F-11D3-BF4B-00C04F79EFBC}") = "Большая пачка", "Большая пачка\Большая пачка.csproj", "{46C61739-8CA5-4C13-8822-AD9EB210198A}"
EndProject
Global
	GlobalSection(SolutionConfigurationPlatforms) = preSolution
		Debug|Any CPU = Debug|Any CPU
		Release|Any CPU = Release|Any CPU
	EndGlobalSection
	GlobalSection(ProjectConfigurationPlatforms) = postSolution
		{46C61739-8CA5-4C13-8822-AD9EB210198A}.Debug|Any CPU.ActiveCfg = Debug|Any CPU
		{46C61739-8CA5-4C13-8822-AD9EB210198A}.Debug|Any CPU.Build.0 = Debug|Any CPU
		{46C61739-8CA5-4C13-8822-AD9EB210198A}.Release|Any CPU.ActiveCfg = Release|Any CPU
		{46C61739-8CA5-4C13-8822-AD9EB210198A}.Release|Any CPU.Build.0 = Release|Any CPU
	EndGlobalSection
	GlobalSection(SolutionProperties) = preSolution
		HideSolutionNode = FALSE
	EndGlobalSection
	GlobalSection(ExtensibilityGlobals) = postSolution
		SolutionGuid = {579BA429-9A38-4AD7-AC92-E4F7824071C1}
	EndGlobalSection
EndGlobal
